// !$*UTF8*$!
{
	archiveVersion = 1;
	classes = {
	};
	objectVersion = 77;
	objects = {

/* Begin PBXContainerItemProxy section */
		8F16D83D2E8BC0EA00CBFC2C /* PBXContainerItemProxy */ = {
			isa = PBXContainerItemProxy;
			containerPortal = 8F16D8272E8BC0E900CBFC2C /* Project object */;
			proxyType = 1;
			remoteGlobalIDString = 8F16D82E2E8BC0E900CBFC2C;
			remoteInfo = ExportKitDemo;
		};
		8F16D8472E8BC0EA00CBFC2C /* PBXContainerItemProxy */ = {
			isa = PBXContainerItemProxy;
			containerPortal = 8F16D8272E8BC0E900CBFC2C /* Project object */;
			proxyType = 1;
			remoteGlobalIDString = 8F16D82E2E8BC0E900CBFC2C;
			remoteInfo = ExportKitDemo;
		};
/* End PBXContainerItemProxy section */

/* Begin PBXFileReference section */
		8F16D82F2E8BC0E900CBFC2C /* ExportKitDemo.app */ = {isa = PBXFileReference; explicitFileType = wrapper.application; includeInIndex = 0; path = ExportKitDemo.app; sourceTree = BUILT_PRODUCTS_DIR; };
		8F16D83C2E8BC0EA00CBFC2C /* ExportKitDemoTests.xctest */ = {isa = PBXFileReference; explicitFileType = wrapper.cfbundle; includeInIndex = 0; path = ExportKitDemoTests.xctest; sourceTree = BUILT_PRODUCTS_DIR; };
		8F16D8462E8BC0EA00CBFC2C /* ExportKitDemoUITests.xctest */ = {isa = PBXFileReference; explicitFileType = wrapper.cfbundle; includeInIndex = 0; path = ExportKitDemoUITests.xctest; sourceTree = BUILT_PRODUCTS_DIR; };
/* End PBXFileReference section */

/* Begin PBXFileSystemSynchronizedRootGroup section */
		8F16D8312E8BC0E900CBFC2C /* ExportKitDemo */ = {
			isa = PBXFileSystemSynchronizedRootGroup;
			path = ExportKitDemo;
			sourceTree = "<group>";
		};
		8F16D83F2E8BC0EA00CBFC2C /* ExportKitDemoTests */ = {
			isa = PBXFileSystemSynchronizedRootGroup;
			path = ExportKitDemoTests;
			sourceTree = "<group>";
		};
		8F16D8492E8BC0EA00CBFC2C /* ExportKitDemoUITests */ = {
			isa = PBXFileSystemSynchronizedRootGroup;
			path = ExportKitDemoUITests;
			sourceTree = "<group>";
		};
/* End PBXFileSystemSynchronizedRootGroup section */

/* Begin PBXFrameworksBuildPhase section */
		8F16D82C2E8BC0E900CBFC2C /* Frameworks */ = {
			isa = PBXFrameworksBuildPhase;
			buildActionMask = 2147483647;
			files = (
			);
			runOnlyForDeploymentPostprocessing = 0;
		};
		8F16D8392E8BC0EA00CBFC2C /* Frameworks */ = {
			isa = PBXFrameworksBuildPhase;
			buildActionMask = 2147483647;
			files = (
			);
			runOnlyForDeploymentPostprocessing = 0;
		};
		8F16D8432E8BC0EA00CBFC2C /* Frameworks */ = {
			isa = PBXFrameworksBuildPhase;
			buildActionMask = 2147483647;
			files = (
			);
			runOnlyForDeploymentPostprocessing = 0;
		};
/* End PBXFrameworksBuildPhase section */

/* Begin PBXGroup section */
		8F16D8262E8BC0E900CBFC2C = {
			isa = PBXGroup;
			children = (
				8F16D8312E8BC0E900CBFC2C /* ExportKitDemo */,
				8F16D83F2E8BC0EA00CBFC2C /* ExportKitDemoTests */,
				8F16D8492E8BC0EA00CBFC2C /* ExportKitDemoUITests */,
				8F16D8302E8BC0E900CBFC2C /* Products */,
			);
			sourceTree = "<group>";
		};
		8F16D8302E8BC0E900CBFC2C /* Products */ = {
			isa = PBXGroup;
			children = (
				8F16D82F2E8BC0E900CBFC2C /* ExportKitDemo.app */,
				8F16D83C2E8BC0EA00CBFC2C /* ExportKitDemoTests.xctest */,
				8F16D8462E8BC0EA00CBFC2C /* ExportKitDemoUITests.xctest */,
			);
			name = Products;
			sourceTree = "<group>";
		};
/* End PBXGroup section */

/* Begin PBXNativeTarget section */
		8F16D82E2E8BC0E900CBFC2C /* ExportKitDemo */ = {
			isa = PBXNativeTarget;
			buildConfigurationList = 8F16D8502E8BC0EA00CBFC2C /* Build configuration list for PBXNativeTarget "ExportKitDemo" */;
			buildPhases = (
				8F16D82B2E8BC0E900CBFC2C /* Sources */,
				8F16D82C2E8BC0E900CBFC2C /* Frameworks */,
				8F16D82D2E8BC0E900CBFC2C /* Resources */,
			);
			buildRules = (
			);
			dependencies = (
			);
			fileSystemSynchronizedGroups = (
				8F16D8312E8BC0E900CBFC2C /* ExportKitDemo */,
			);
			name = ExportKitDemo;
			packageProductDependencies = (
			);
			productName = ExportKitDemo;
			productReference = 8F16D82F2E8BC0E900CBFC2C /* ExportKitDemo.app */;
			productType = "com.apple.product-type.application";
		};
		8F16D83B2E8BC0EA00CBFC2C /* ExportKitDemoTests */ = {
			isa = PBXNativeTarget;
			buildConfigurationList = 8F16D8532E8BC0EA00CBFC2C /* Build configuration list for PBXNativeTarget "ExportKitDemoTests" */;
			buildPhases = (
				8F16D8382E8BC0EA00CBFC2C /* Sources */,
				8F16D8392E8BC0EA00CBFC2C /* Frameworks */,
				8F16D83A2E8BC0EA00CBFC2C /* Resources */,
			);
			buildRules = (
			);
			dependencies = (
				8F16D83E2E8BC0EA00CBFC2C /* PBXTargetDependency */,
			);
			fileSystemSynchronizedGroups = (
				8F16D83F2E8BC0EA00CBFC2C /* ExportKitDemoTests */,
			);
			name = ExportKitDemoTests;
			packageProductDependencies = (
			);
			productName = ExportKitDemoTests;
			productReference = 8F16D83C2E8BC0EA00CBFC2C /* ExportKitDemoTests.xctest */;
			productType = "com.apple.product-type.bundle.unit-test";
		};
		8F16D8452E8BC0EA00CBFC2C /* ExportKitDemoUITests */ = {
			isa = PBXNativeTarget;
			buildConfigurationList = 8F16D8562E8BC0EA00CBFC2C /* Build configuration list for PBXNativeTarget "ExportKitDemoUITests" */;
			buildPhases = (
				8F16D8422E8BC0EA00CBFC2C /* Sources */,
				8F16D8432E8BC0EA00CBFC2C /* Frameworks */,
				8F16D8442E8BC0EA00CBFC2C /* Resources */,
			);
			buildRules = (
			);
			dependencies = (
				8F16D8482E8BC0EA00CBFC2C /* PBXTargetDependency */,
			);
			fileSystemSynchronizedGroups = (
				8F16D8492E8BC0EA00CBFC2C /* ExportKitDemoUITests */,
			);
			name = ExportKitDemoUITests;
			packageProductDependencies = (
			);
			productName = ExportKitDemoUITests;
			productReference = 8F16D8462E8BC0EA00CBFC2C /* ExportKitDemoUITests.xctest */;
			productType = "com.apple.product-type.bundle.ui-testing";
		};
/* End PBXNativeTarget section */

/* Begin PBXProject section */
		8F16D8272E8BC0E900CBFC2C /* Project object */ = {
			isa = PBXProject;
			attributes = {
				BuildIndependentTargetsInParallel = 1;
				LastSwiftUpdateCheck = 1640;
				LastUpgradeCheck = 1640;
				TargetAttributes = {
					8F16D82E2E8BC0E900CBFC2C = {
						CreatedOnToolsVersion = 16.4;
					};
					8F16D83B2E8BC0EA00CBFC2C = {
						CreatedOnToolsVersion = 16.4;
						TestTargetID = 8F16D82E2E8BC0E900CBFC2C;
					};
					8F16D8452E8BC0EA00CBFC2C = {
						CreatedOnToolsVersion = 16.4;
						TestTargetID = 8F16D82E2E8BC0E900CBFC2C;
					};
				};
			};
			buildConfigurationList = 8F16D82A2E8BC0E900CBFC2C /* Build configuration list for PBXProject "ExportKitDemo" */;
			developmentRegion = en;
			hasScannedForEncodings = 0;
			knownRegions = (
				en,
				Base,
			);
			mainGroup = 8F16D8262E8BC0E900CBFC2C;
			minimizedProjectReferenceProxies = 1;
			preferredProjectObjectVersion = 77;
			productRefGroup = 8F16D8302E8BC0E900CBFC2C /* Products */;
			projectDirPath = "";
			projectRoot = "";
			targets = (
				8F16D82E2E8BC0E900CBFC2C /* ExportKitDemo */,
				8F16D83B2E8BC0EA00CBFC2C /* ExportKitDemoTests */,
				8F16D8452E8BC0EA00CBFC2C /* ExportKitDemoUITests */,
			);
		};
/* End PBXProject section */

/* Begin PBXResourcesBuildPhase section */
		8F16D82D2E8BC0E900CBFC2C /* Resources */ = {
			isa = PBXResourcesBuildPhase;
			buildActionMask = 2147483647;
			files = (
			);
			runOnlyForDeploymentPostprocessing = 0;
		};
		8F16D83A2E8BC0EA00CBFC2C /* Resources */ = {
			isa = PBXResourcesBuildPhase;
			buildActionMask = 2147483647;
			files = (
			);
			runOnlyForDeploymentPostprocessing = 0;
		};
		8F16D8442E8BC0EA00CBFC2C /* Resources */ = {
			isa = PBXResourcesBuildPhase;
			buildActionMask = 2147483647;
			files = (
			);
			runOnlyForDeploymentPostprocessing = 0;
		};
/* End PBXResourcesBuildPhase section */

/* Begin PBXSourcesBuildPhase section */
		8F16D82B2E8BC0E900CBFC2C /* Sources */ = {
			isa = PBXSourcesBuildPhase;
			buildActionMask = 2147483647;
			files = (
			);
			runOnlyForDeploymentPostprocessing = 0;
		};
		8F16D8382E8BC0EA00CBFC2C /* Sources */ = {
			isa = PBXSourcesBuildPhase;
			buildActionMask = 2147483647;
			files = (
			);
			runOnlyForDeploymentPostprocessing = 0;
		};
		8F16D8422E8BC0EA00CBFC2C /* Sources */ = {
			isa = PBXSourcesBuildPhase;
			buildActionMask = 2147483647;
			files = (
			);
			runOnlyForDeploymentPostprocessing = 0;
		};
/* End PBXSourcesBuildPhase section */

/* Begin PBXTargetDependency section */
		8F16D83E2E8BC0EA00CBFC2C /* PBXTargetDependency */ = {
			isa = PBXTargetDependency;
			target = 8F16D82E2E8BC0E900CBFC2C /* ExportKitDemo */;
			targetProxy = 8F16D83D2E8BC0EA00CBFC2C /* PBXContainerItemProxy */;
		};
		8F16D8482E8BC0EA00CBFC2C /* PBXTargetDependency */ = {
			isa = PBXTargetDependency;
			target = 8F16D82E2E8BC0E900CBFC2C /* ExportKitDemo */;
			targetProxy = 8F16D8472E8BC0EA00CBFC2C /* PBXContainerItemProxy */;
		};
/* End PBXTargetDependency section */

/* Begin XCBuildConfiguration section */
		8F16D84E2E8BC0EA00CBFC2C /* Debug */ = {
			isa = XCBuildConfiguration;
			buildSettings = {
				ALWAYS_SEARCH_USER_PATHS = NO;
				ASSETCATALOG_COMPILER_GENERATE_SWIFT_ASSET_SYMBOL_EXTENSIONS = YES;
				CLANG_ANALYZER_NONNULL = YES;
				CLANG_ANALYZER_NUMBER_OBJECT_CONVERSION = YES_AGGRESSIVE;
				CLANG_CXX_LANGUAGE_STANDARD = "gnu++20";
				CLANG_ENABLE_MODULES = YES;
				CLANG_ENABLE_OBJC_ARC = YES;
				CLANG_ENABLE_OBJC_WEAK = YES;
				CLANG_WARN_BLOCK_CAPTURE_AUTORELEASING = YES;
				CLANG_WARN_BOOL_CONVERSION = YES;
				CLANG_WARN_COMMA = YES;
				CLANG_WARN_CONSTANT_CONVERSION = YES;
				CLANG_WARN_DEPRECATED_OBJC_IMPLEMENTATIONS = YES;
				CLANG_WARN_DIRECT_OBJC_ISA_USAGE = YES_ERROR;
				CLANG_WARN_DOCUMENTATION_COMMENTS = YES;
				CLANG_WARN_EMPTY_BODY = YES;
				CLANG_WARN_ENUM_CONVERSION = YES;
				CLANG_WARN_INFINITE_RECURSION = YES;
				CLANG_WARN_INT_CONVERSION = YES;
				CLANG_WARN_NON_LITERAL_NULL_CONVERSION = YES;
				CLANG_WARN_OBJC_IMPLICIT_RETAIN_SELF = YES;
				CLANG_WARN_OBJC_LITERAL_CONVERSION = YES;
				CLANG_WARN_OBJC_ROOT_CLASS = YES_ERROR;
				CLANG_WARN_QUOTED_INCLUDE_IN_FRAMEWORK_HEADER = YES;
				CLANG_WARN_RANGE_LOOP_ANALYSIS = YES;
				CLANG_WARN_STRICT_PROTOTYPES = YES;
				CLANG_WARN_SUSPICIOUS_MOVE = YES;
				CLANG_WARN_UNGUARDED_AVAILABILITY = YES_AGGRESSIVE;
				CLANG_WARN_UNREACHABLE_CODE = YES;
				CLANG_WARN__DUPLICATE_METHOD_MATCH = YES;
				COPY_PHASE_STRIP = NO;
				DEBUG_INFORMATION_FORMAT = dwarf;
				ENABLE_STRICT_OBJC_MSGSEND = YES;
				ENABLE_TESTABILITY = YES;
				ENABLE_USER_SCRIPT_SANDBOXING = YES;
				GCC_C_LANGUAGE_STANDARD = gnu17;
				GCC_DYNAMIC_NO_PIC = NO;
				GCC_NO_COMMON_BLOCKS = YES;
				GCC_OPTIMIZATION_LEVEL = 0;
				GCC_PREPROCESSOR_DEFINITIONS = (
					"DEBUG=1",
					"$(inherited)",
				);
				GCC_WARN_64_TO_32_BIT_CONVERSION = YES;
				GCC_WARN_ABOUT_RETURN_TYPE = YES_ERROR;
				GCC_WARN_UNDECLARED_SELECTOR = YES;
				GCC_WARN_UNINITIALIZED_AUTOS = YES_AGGRESSIVE;
				GCC_WARN_UNUSED_FUNCTION = YES;
				GCC_WARN_UNUSED_VARIABLE = YES;
				IPHONEOS_DEPLOYMENT_TARGET = 18.5;
				LOCALIZATION_PREFERS_STRING_CATALOGS = YES;
				MTL_ENABLE_DEBUG_INFO = INCLUDE_SOURCE;
				MTL_FAST_MATH = YES;
				ONLY_ACTIVE_ARCH = YES;
				SDKROOT = iphoneos;
				SWIFT_ACTIVE_COMPILATION_CONDITIONS = "DEBUG $(inherited)";
				SWIFT_OPTIMIZATION_LEVEL = "-Onone";
			};
			name = Debug;
		};
		8F16D84F2E8BC0EA00CBFC2C /* Release */ = {
			isa = XCBuildConfiguration;
			buildSettings = {
				ALWAYS_SEARCH_USER_PATHS = NO;
				ASSETCATALOG_COMPILER_GENERATE_SWIFT_ASSET_SYMBOL_EXTENSIONS = YES;
				CLANG_ANALYZER_NONNULL = YES;
				CLANG_ANALYZER_NUMBER_OBJECT_CONVERSION = YES_AGGRESSIVE;
				CLANG_CXX_LANGUAGE_STANDARD = "gnu++20";
				CLANG_ENABLE_MODULES = YES;
				CLANG_ENABLE_OBJC_ARC = YES;
				CLANG_ENABLE_OBJC_WEAK = YES;
				CLANG_WARN_BLOCK_CAPTURE_AUTORELEASING = YES;
				CLANG_WARN_BOOL_CONVERSION = YES;
				CLANG_WARN_COMMA = YES;
				CLANG_WARN_CONSTANT_CONVERSION = YES;
				CLANG_WARN_DEPRECATED_OBJC_IMPLEMENTATIONS = YES;
				CLANG_WARN_DIRECT_OBJC_ISA_USAGE = YES_ERROR;
				CLANG_WARN_DOCUMENTATION_COMMENTS = YES;
				CLANG_WARN_EMPTY_BODY = YES;
				CLANG_WARN_ENUM_CONVERSION = YES;
				CLANG_WARN_INFINITE_RECURSION = YES;
				CLANG_WARN_INT_CONVERSION = YES;
				CLANG_WARN_NON_LITERAL_NULL_CONVERSION = YES;
				CLANG_WARN_OBJC_IMPLICIT_RETAIN_SELF = YES;
				CLANG_WARN_OBJC_LITERAL_CONVERSION = YES;
				CLANG_WARN_OBJC_ROOT_CLASS = YES_ERROR;
				CLANG_WARN_QUOTED_INCLUDE_IN_FRAMEWORK_HEADER = YES;
				CLANG_WARN_RANGE_LOOP_ANALYSIS = YES;
				CLANG_WARN_STRICT_PROTOTYPES = YES;
				CLANG_WARN_SUSPICIOUS_MOVE = YES;
				CLANG_WARN_UNGUARDED_AVAILABILITY = YES_AGGRESSIVE;
				CLANG_WARN_UNREACHABLE_CODE = YES;
				CLANG_WARN__DUPLICATE_METHOD_MATCH = YES;
				COPY_PHASE_STRIP = NO;
				DEBUG_INFORMATION_FORMAT = "dwarf-with-dsym";
				ENABLE_NS_ASSERTIONS = NO;
				ENABLE_STRICT_OBJC_MSGSEND = YES;
				ENABLE_USER_SCRIPT_SANDBOXING = YES;
				GCC_C_LANGUAGE_STANDARD = gnu17;
				GCC_NO_COMMON_BLOCKS = YES;
				GCC_WARN_64_TO_32_BIT_CONVERSION = YES;
				GCC_WARN_ABOUT_RETURN_TYPE = YES_ERROR;
				GCC_WARN_UNDECLARED_SELECTOR = YES;
				GCC_WARN_UNINITIALIZED_AUTOS = YES_AGGRESSIVE;
				GCC_WARN_UNUSED_FUNCTION = YES;
				GCC_WARN_UNUSED_VARIABLE = YES;
				IPHONEOS_DEPLOYMENT_TARGET = 18.5;
				LOCALIZATION_PREFERS_STRING_CATALOGS = YES;
				MTL_ENABLE_DEBUG_INFO = NO;
				MTL_FAST_MATH = YES;
				SDKROOT = iphoneos;
				SWIFT_COMPILATION_MODE = wholemodule;
				VALIDATE_PRODUCT = YES;
			};
			name = Release;
		};
		8F16D8512E8BC0EA00CBFC2C /* Debug */ = {
			isa = XCBuildConfiguration;
			buildSettings = {
				ASSETCATALOG_COMPILER_APPICON_NAME = AppIcon;
				ASSETCATALOG_COMPILER_GLOBAL_ACCENT_COLOR_NAME = AccentColor;
				CODE_SIGN_STYLE = Automatic;
				CURRENT_PROJECT_VERSION = 1;
				DEVELOPMENT_TEAM = 59CUVY9P2X;
				ENABLE_PREVIEWS = YES;
				GENERATE_INFOPLIST_FILE = YES;
				INFOPLIST_KEY_UIApplicationSceneManifest_Generation = YES;
				INFOPLIST_KEY_UIApplicationSupportsIndirectInputEvents = YES;
				INFOPLIST_KEY_UILaunchScreen_Generation = YES;
				INFOPLIST_KEY_UISupportedInterfaceOrientations_iPad = "UIInterfaceOrientationPortrait UIInterfaceOrientationPortraitUpsideDown UIInterfaceOrientationLandscapeLeft UIInterfaceOrientationLandscapeRight";
				INFOPLIST_KEY_UISupportedInterfaceOrientations_iPhone = "UIInterfaceOrientationPortrait UIInterfaceOrientationLandscapeLeft UIInterfaceOrientationLandscapeRight";
				LD_RUNPATH_SEARCH_PATHS = (
					"$(inherited)",
					"@executable_path/Frameworks",
				);
				MARKETING_VERSION = 1.0;
				PRODUCT_BUNDLE_IDENTIFIER = jjj.ExportKitDemo;
				PRODUCT_NAME = "$(TARGET_NAME)";
				SWIFT_EMIT_LOC_STRINGS = YES;
				SWIFT_VERSION = 5.0;
				TARGETED_DEVICE_FAMILY = "1,2";
			};
			name = Debug;
		};
		8F16D8522E8BC0EA00CBFC2C /* Release */ = {
			isa = XCBuildConfiguration;
			buildSettings = {
				ASSETCATALOG_COMPILER_APPICON_NAME = AppIcon;
				ASSETCATALOG_COMPILER_GLOBAL_ACCENT_COLOR_NAME = AccentColor;
				CODE_SIGN_STYLE = Automatic;
				CURRENT_PROJECT_VERSION = 1;
				DEVELOPMENT_TEAM = 59CUVY9P2X;
				ENABLE_PREVIEWS = YES;
				GENERATE_INFOPLIST_FILE = YES;
				INFOPLIST_KEY_UIApplicationSceneManifest_Generation = YES;
				INFOPLIST_KEY_UIApplicationSupportsIndirectInputEvents = YES;
				INFOPLIST_KEY_UILaunchScreen_Generation = YES;
				INFOPLIST_KEY_UISupportedInterfaceOrientations_iPad = "UIInterfaceOrientationPortrait UIInterfaceOrientationPortraitUpsideDown UIInterfaceOrientationLandscapeLeft UIInterfaceOrientationLandscapeRight";
				INFOPLIST_KEY_UISupportedInterfaceOrientations_iPhone = "UIInterfaceOrientationPortrait UIInterfaceOrientationLandscapeLeft UIInterfaceOrientationLandscapeRight";
				LD_RUNPATH_SEARCH_PATHS = (
					"$(inherited)",
					"@executable_path/Frameworks",
				);
				MARKETING_VERSION = 1.0;
				PRODUCT_BUNDLE_IDENTIFIER = jjj.ExportKitDemo;
				PRODUCT_NAME = "$(TARGET_NAME)";
				SWIFT_EMIT_LOC_STRINGS = YES;
				SWIFT_VERSION = 5.0;
				TARGETED_DEVICE_FAMILY = "1,2";
			};
			name = Release;
		};
		8F16D8542E8BC0EA00CBFC2C /* Debug */ = {
			isa = XCBuildConfiguration;
			buildSettings = {
				BUNDLE_LOADER = "$(TEST_HOST)";
				CODE_SIGN_STYLE = Automatic;
				CURRENT_PROJECT_VERSION = 1;
				GENERATE_INFOPLIST_FILE = YES;
				IPHONEOS_DEPLOYMENT_TARGET = 18.5;
				MARKETING_VERSION = 1.0;
				PRODUCT_BUNDLE_IDENTIFIER = kent.sun.ExportKitDemoTests;
				PRODUCT_NAME = "$(TARGET_NAME)";
				SWIFT_EMIT_LOC_STRINGS = NO;
				SWIFT_VERSION = 5.0;
				TARGETED_DEVICE_FAMILY = "1,2";
				TEST_HOST = "$(BUILT_PRODUCTS_DIR)/ExportKitDemo.app/$(BUNDLE_EXECUTABLE_FOLDER_PATH)/ExportKitDemo";
			};
			name = Debug;
		};
		8F16D8552E8BC0EA00CBFC2C /* Release */ = {
			isa = XCBuildConfiguration;
			buildSettings = {
				BUNDLE_LOADER = "$(TEST_HOST)";
				CODE_SIGN_STYLE = Automatic;
				CURRENT_PROJECT_VERSION = 1;
				GENERATE_INFOPLIST_FILE = YES;
				IPHONEOS_DEPLOYMENT_TARGET = 18.5;
				MARKETING_VERSION = 1.0;
				PRODUCT_BUNDLE_IDENTIFIER = kent.sun.ExportKitDemoTests;
				PRODUCT_NAME = "$(TARGET_NAME)";
				SWIFT_EMIT_LOC_STRINGS = NO;
				SWIFT_VERSION = 5.0;
				TARGETED_DEVICE_FAMILY = "1,2";
				TEST_HOST = "$(BUILT_PRODUCTS_DIR)/ExportKitDemo.app/$(BUNDLE_EXECUTABLE_FOLDER_PATH)/ExportKitDemo";
			};
			name = Release;
		};
		8F16D8572E8BC0EA00CBFC2C /* Debug */ = {
			isa = XCBuildConfiguration;
			buildSettings = {
				CODE_SIGN_STYLE = Automatic;
				CURRENT_PROJECT_VERSION = 1;
				GENERATE_INFOPLIST_FILE = YES;
				MARKETING_VERSION = 1.0;
				PRODUCT_BUNDLE_IDENTIFIER = kent.sun.ExportKitDemoUITests;
				PRODUCT_NAME = "$(TARGET_NAME)";
				SWIFT_EMIT_LOC_STRINGS = NO;
				SWIFT_VERSION = 5.0;
				TARGETED_DEVICE_FAMILY = "1,2";
				TEST_TARGET_NAME = ExportKitDemo;
			};
			name = Debug;
		};
		8F16D8582E8BC0EA00CBFC2C /* Release */ = {
			isa = XCBuildConfiguration;
			buildSettings = {
				CODE_SIGN_STYLE = Automatic;
				CURRENT_PROJECT_VERSION = 1;
				GENERATE_INFOPLIST_FILE = YES;
				MARKETING_VERSION = 1.0;
				PRODUCT_BUNDLE_IDENTIFIER = kent.sun.ExportKitDemoUITests;
				PRODUCT_NAME = "$(TARGET_NAME)";
				SWIFT_EMIT_LOC_STRINGS = NO;
				SWIFT_VERSION = 5.0;
				TARGETED_DEVICE_FAMILY = "1,2";
				TEST_TARGET_NAME = ExportKitDemo;
			};
			name = Release;
		};
/* End XCBuildConfiguration section */

/* Begin XCConfigurationList section */
		8F16D82A2E8BC0E900CBFC2C /* Build configuration list for PBXProject "ExportKitDemo" */ = {
			isa = XCConfigurationList;
			buildConfigurations = (
				8F16D84E2E8BC0EA00CBFC2C /* Debug */,
				8F16D84F2E8BC0EA00CBFC2C /* Release */,
			);
			defaultConfigurationIsVisible = 0;
			defaultConfigurationName = Release;
		};
		8F16D8502E8BC0EA00CBFC2C /* Build configuration list for PBXNativeTarget "ExportKitDemo" */ = {
			isa = XCConfigurationList;
			buildConfigurations = (
				8F16D8512E8BC0EA00CBFC2C /* Debug */,
				8F16D8522E8BC0EA00CBFC2C /* Release */,
			);
			defaultConfigurationIsVisible = 0;
			defaultConfigurationName = Release;
		};
		8F16D8532E8BC0EA00CBFC2C /* Build configuration list for PBXNativeTarget "ExportKitDemoTests" */ = {
			isa = XCConfigurationList;
			buildConfigurations = (
				8F16D8542E8BC0EA00CBFC2C /* Debug */,
				8F16D8552E8BC0EA00CBFC2C /* Release */,
			);
			defaultConfigurationIsVisible = 0;
			defaultConfigurationName = Release;
		};
		8F16D8562E8BC0EA00CBFC2C /* Build configuration list for PBXNativeTarget "ExportKitDemoUITests" */ = {
			isa = XCConfigurationList;
			buildConfigurations = (
				8F16D8572E8BC0EA00CBFC2C /* Debug */,
				8F16D8582E8BC0EA00CBFC2C /* Release */,
			);
			defaultConfigurationIsVisible = 0;
			defaultConfigurationName = Release;
		};
/* End XCConfigurationList section */
	};
	rootObject = 8F16D8272E8BC0E900CBFC2C /* Project object */;
}
